// !$*UTF8*$!
{
	archiveVersion = 1;
	classes = {
	};
	objectVersion = 46;
	objects = {

/* Begin PBXBuildFile section */
		BCFBCF041B665EB1008C513A /* main.m in Sources */ = {isa = PBXBuildFile; fileRef = BCFBCF031B665EB1008C513A /* main.m */; };
		BCFBCF071B665EB1008C513A /* AppDelegate.m in Sources */ = {isa = PBXBuildFile; fileRef = BCFBCF061B665EB1008C513A /* AppDelegate.m */; };
		BCFBCF091B665EB1008C513A /* Images.xcassets in Resources */ = {isa = PBXBuildFile; fileRef = BCFBCF081B665EB1008C513A /* Images.xcassets */; };
		BCFBCF0C1B665EB1008C513A /* LaunchScreen.xib in Resources */ = {isa = PBXBuildFile; fileRef = BCFBCF0A1B665EB1008C513A /* LaunchScreen.xib */; };
		BCFBCF181B665EB1008C513A /* LabelTests.m in Sources */ = {isa = PBXBuildFile; fileRef = BCFBCF171B665EB1008C513A /* LabelTests.m */; };
/* End PBXBuildFile section */

/* Begin PBXContainerItemProxy section */
		BCFBCF121B665EB1008C513A /* PBXContainerItemProxy */ = {
			isa = PBXContainerItemProxy;
			containerPortal = BCFBCEF61B665EB1008C513A /* Project object */;
			proxyType = 1;
			remoteGlobalIDString = BCFBCEFD1B665EB1008C513A;
			remoteInfo = Label;
		};
/* End PBXContainerItemProxy section */

/* Begin PBXFileReference section */
		BCFBCEFE1B665EB1008C513A /* Label.app */ = {isa = PBXFileReference; explicitFileType = wrapper.application; includeInIndex = 0; path = Label.app; sourceTree = BUILT_PRODUCTS_DIR; };
		BCFBCF021B665EB1008C513A /* Info.plist */ = {isa = PBXFileReference; lastKnownFileType = text.plist.xml; path = Info.plist; sourceTree = "<group>"; };
		BCFBCF031B665EB1008C513A /* main.m */ = {isa = PBXFileReference; lastKnownFileType = sourcecode.c.objc; path = main.m; sourceTree = "<group>"; };
		BCFBCF051B665EB1008C513A /* AppDelegate.h */ = {isa = PBXFileReference; lastKnownFileType = sourcecode.c.h; path = AppDelegate.h; sourceTree = "<group>"; };
		BCFBCF061B665EB1008C513A /* AppDelegate.m */ = {isa = PBXFileReference; lastKnownFileType = sourcecode.c.objc; path = AppDelegate.m; sourceTree = "<group>"; };
		BCFBCF081B665EB1008C513A /* Images.xcassets */ = {isa = PBXFileReference; lastKnownFileType = folder.assetcatalog; path = Images.xcassets; sourceTree = "<group>"; };
		BCFBCF0B1B665EB1008C513A /* Base */ = {isa = PBXFileReference; lastKnownFileType = file.xib; name = Base; path = Base.lproj/LaunchScreen.xib; sourceTree = "<group>"; };
		BCFBCF111B665EB1008C513A /* LabelTests.xctest */ = {isa = PBXFileReference; explicitFileType = wrapper.cfbundle; includeInIndex = 0; path = LabelTests.xctest; sourceTree = BUILT_PRODUCTS_DIR; };
		BCFBCF161B665EB1008C513A /* Info.plist */ = {isa = PBXFileReference; lastKnownFileType = text.plist.xml; path = Info.plist; sourceTree = "<group>"; };
		BCFBCF171B665EB1008C513A /* LabelTests.m */ = {isa = PBXFileReference; lastKnownFileType = sourcecode.c.objc; path = LabelTests.m; sourceTree = "<group>"; };
/* End PBXFileReference section */

/* Begin PBXFrameworksBuildPhase section */
		BCFBCEFB1B665EB1008C513A /* Frameworks */ = {
			isa = PBXFrameworksBuildPhase;
			buildActionMask = 2147483647;
			files = (
			);
			runOnlyForDeploymentPostprocessing = 0;
		};
		BCFBCF0E1B665EB1008C513A /* Frameworks */ = {
			isa = PBXFrameworksBuildPhase;
			buildActionMask = 2147483647;
			files = (
			);
			runOnlyForDeploymentPostprocessing = 0;
		};
/* End PBXFrameworksBuildPhase section */

/* Begin PBXGroup section */
		BCFBCEF51B665EB1008C513A = {
			isa = PBXGroup;
			children = (
				BCFBCF001B665EB1008C513A /* Label */,
				BCFBCF141B665EB1008C513A /* LabelTests */,
				BCFBCEFF1B665EB1008C513A /* Products */,
			);
			sourceTree = "<group>";
		};
		BCFBCEFF1B665EB1008C513A /* Products */ = {
			isa = PBXGroup;
			children = (
				BCFBCEFE1B665EB1008C513A /* Label.app */,
				BCFBCF111B665EB1008C513A /* LabelTests.xctest */,
			);
			name = Products;
			sourceTree = "<group>";
		};
		BCFBCF001B665EB1008C513A /* Label */ = {
			isa = PBXGroup;
			children = (
				BCFBCF051B665EB1008C513A /* AppDelegate.h */,
				BCFBCF061B665EB1008C513A /* AppDelegate.m */,
				BCFBCF081B665EB1008C513A /* Images.xcassets */,
				BCFBCF0A1B665EB1008C513A /* LaunchScreen.xib */,
				BCFBCF011B665EB1008C513A /* Supporting Files */,
			);
			path = Label;
			sourceTree = "<group>";
		};
		BCFBCF011B665EB1008C513A /* Supporting Files */ = {
			isa = PBXGroup;
			children = (
				BCFBCF021B665EB1008C513A /* Info.plist */,
				BCFBCF031B665EB1008C513A /* main.m */,
			);
			name = "Supporting Files";
			sourceTree = "<group>";
		};
		BCFBCF141B665EB1008C513A /* LabelTests */ = {
			isa = PBXGroup;
			children = (
				BCFBCF171B665EB1008C513A /* LabelTests.m */,
				BCFBCF151B665EB1008C513A /* Supporting Files */,
			);
			path = LabelTests;
			sourceTree = "<group>";
		};
		BCFBCF151B665EB1008C513A /* Supporting Files */ = {
			isa = PBXGroup;
			children = (
				BCFBCF161B665EB1008C513A /* Info.plist */,
			);
			name = "Supporting Files";
			sourceTree = "<group>";
		};
/* End PBXGroup section */

/* Begin PBXNativeTarget section */
		BCFBCEFD1B665EB1008C513A /* Label */ = {
			isa = PBXNativeTarget;
			buildConfigurationList = BCFBCF1B1B665EB1008C513A /* Build configuration list for PBXNativeTarget "Label" */;
			buildPhases = (
				BCFBCEFA1B665EB1008C513A /* Sources */,
				BCFBCEFB1B665EB1008C513A /* Frameworks */,
				BCFBCEFC1B665EB1008C513A /* Resources */,
			);
			buildRules = (
			);
			dependencies = (
			);
			name = Label;
			productName = Label;
			productReference = BCFBCEFE1B665EB1008C513A /* Label.app */;
			productType = "com.apple.product-type.application";
		};
		BCFBCF101B665EB1008C513A /* LabelTests */ = {
			isa = PBXNativeTarget;
			buildConfigurationList = BCFBCF1E1B665EB1008C513A /* Build configuration list for PBXNativeTarget "LabelTests" */;
			buildPhases = (
				BCFBCF0D1B665EB1008C513A /* Sources */,
				BCFBCF0E1B665EB1008C513A /* Frameworks */,
				BCFBCF0F1B665EB1008C513A /* Resources */,
			);
			buildRules = (
			);
			dependencies = (
				BCFBCF131B665EB1008C513A /* PBXTargetDependency */,
			);
			name = LabelTests;
			productName = LabelTests;
			productReference = BCFBCF111B665EB1008C513A /* LabelTests.xctest */;
			productType = "com.apple.product-type.bundle.unit-test";
		};
/* End PBXNativeTarget section */

/* Begin PBXProject section */
		BCFBCEF61B665EB1008C513A /* Project object */ = {
			isa = PBXProject;
			attributes = {
				LastUpgradeCheck = 0610;
				ORGANIZATIONNAME = PNJ;
				TargetAttributes = {
					BCFBCEFD1B665EB1008C513A = {
						CreatedOnToolsVersion = 6.1.1;
					};
					BCFBCF101B665EB1008C513A = {
						CreatedOnToolsVersion = 6.1.1;
						TestTargetID = BCFBCEFD1B665EB1008C513A;
					};
				};
			};
			buildConfigurationList = BCFBCEF91B665EB1008C513A /* Build configuration list for PBXProject "Label" */;
			compatibilityVersion = "Xcode 3.2";
			developmentRegion = English;
			hasScannedForEncodings = 0;
			knownRegions = (
				en,
				Base,
			);
			mainGroup = BCFBCEF51B665EB1008C513A;
			productRefGroup = BCFBCEFF1B665EB1008C513A /* Products */;
			projectDirPath = "";
			projectRoot = "";
			targets = (
				BCFBCEFD1B665EB1008C513A /* Label */,
				BCFBCF101B665EB1008C513A /* LabelTests */,
			);
		};
/* End PBXProject section */

/* Begin PBXResourcesBuildPhase section */
		BCFBCEFC1B665EB1008C513A /* Resources */ = {
			isa = PBXResourcesBuildPhase;
			buildActionMask = 2147483647;
			files = (
				BCFBCF0C1B665EB1008C513A /* LaunchScreen.xib in Resources */,
				BCFBCF091B665EB1008C513A /* Images.xcassets in Resources */,
			);
			runOnlyForDeploymentPostprocessing = 0;
		};
		BCFBCF0F1B665EB1008C513A /* Resources */ = {
			isa = PBXResourcesBuildPhase;
			buildActionMask = 2147483647;
			files = (
			);
			runOnlyForDeploymentPostprocessing = 0;
		};
/* End PBXResourcesBuildPhase section */

/* Begin PBXSourcesBuildPhase section */
		BCFBCEFA1B665EB1008C513A /* Sources */ = {
			isa = PBXSourcesBuildPhase;
			buildActionMask = 2147483647;
			files = (
				BCFBCF071B665EB1008C513A /* AppDelegate.m in Sources */,
				BCFBCF041B665EB1008C513A /* main.m in Sources */,
			);
			runOnlyForDeploymentPostprocessing = 0;
		};
		BCFBCF0D1B665EB1008C513A /* Sources */ = {
			isa = PBXSourcesBuildPhase;
			buildActionMask = 2147483647;
			files = (
				BCFBCF181B665EB1008C513A /* LabelTests.m in Sources */,
			);
			runOnlyForDeploymentPostprocessing = 0;
		};
/* End PBXSourcesBuildPhase section */

/* Begin PBXTargetDependency section */
		BCFBCF131B665EB1008C513A /* PBXTargetDependency */ = {
			isa = PBXTargetDependency;
			target = BCFBCEFD1B665EB1008C513A /* Label */;
			targetProxy = BCFBCF121B665EB1008C513A /* PBXContainerItemProxy */;
		};
/* End PBXTargetDependency section */

/* Begin PBXVariantGroup section */
		BCFBCF0A1B665EB1008C513A /* LaunchScreen.xib */ = {
			isa = PBXVariantGroup;
			children = (
				BCFBCF0B1B665EB1008C513A /* Base */,
			);
			name = LaunchScreen.xib;
			sourceTree = "<group>";
		};
/* End PBXVariantGroup section */

/* Begin XCBuildConfiguration section */
		BCFBCF191B665EB1008C513A /* Debug */ = {
			isa = XCBuildConfiguration;
			buildSettings = {
				ALWAYS_SEARCH_USER_PATHS = NO;
				CLANG_CXX_LANGUAGE_STANDARD = "gnu++0x";
				CLANG_CXX_LIBRARY = "libc++";
				CLANG_ENABLE_MODULES = YES;
				CLANG_ENABLE_OBJC_ARC = YES;
				CLANG_WARN_BOOL_CONVERSION = YES;
				CLANG_WARN_CONSTANT_CONVERSION = YES;
				CLANG_WARN_DIRECT_OBJC_ISA_USAGE = YES_ERROR;
				CLANG_WARN_EMPTY_BODY = YES;
				CLANG_WARN_ENUM_CONVERSION = YES;
				CLANG_WARN_INT_CONVERSION = YES;
				CLANG_WARN_OBJC_ROOT_CLASS = YES_ERROR;
				CLANG_WARN_UNREACHABLE_CODE = YES;
				CLANG_WARN__DUPLICATE_METHOD_MATCH = YES;
				"CODE_SIGN_IDENTITY[sdk=iphoneos*]" = "iPhone Developer";
				COPY_PHASE_STRIP = NO;
				ENABLE_STRICT_OBJC_MSGSEND = YES;
				GCC_C_LANGUAGE_STANDARD = gnu99;
				GCC_DYNAMIC_NO_PIC = NO;
				GCC_OPTIMIZATION_LEVEL = 0;
				GCC_PREPROCESSOR_DEFINITIONS = (
					"DEBUG=1",
					"$(inherited)",
				);
				GCC_SYMBOLS_PRIVATE_EXTERN = NO;
				GCC_WARN_64_TO_32_BIT_CONVERSION = YES;
				GCC_WARN_ABOUT_RETURN_TYPE = YES_ERROR;
				GCC_WARN_UNDECLARED_SELECTOR = YES;
				GCC_WARN_UNINITIALIZED_AUTOS = YES_AGGRESSIVE;
				GCC_WARN_UNUSED_FUNCTION = YES;
				GCC_WARN_UNUSED_VARIABLE = YES;
				IPHONEOS_DEPLOYMENT_TARGET = 8.1;
				MTL_ENABLE_DEBUG_INFO = YES;
				ONLY_ACTIVE_ARCH = YES;
				SDKROOT = iphoneos;
			};
			name = Debug;
		};
		BCFBCF1A1B665EB1008C513A /* Release */ = {
			isa = XCBuildConfiguration;
			buildSettings = {
				ALWAYS_SEARCH_USER_PATHS = NO;
				CLANG_CXX_LANGUAGE_STANDARD = "gnu++0x";
				CLANG_CXX_LIBRARY = "libc++";
				CLANG_ENABLE_MODULES = YES;
				CLANG_ENABLE_OBJC_ARC = YES;
				CLANG_WARN_BOOL_CONVERSION = YES;
				CLANG_WARN_CONSTANT_CONVERSION = YES;
				CLANG_WARN_DIRECT_OBJC_ISA_USAGE = YES_ERROR;
				CLANG_WARN_EMPTY_BODY = YES;
				CLANG_WARN_ENUM_CONVERSION = YES;
				CLANG_WARN_INT_CONVERSION = YES;
				CLANG_WARN_OBJC_ROOT_CLASS = YES_ERROR;
				CLANG_WARN_UNREACHABLE_CODE = YES;
				CLANG_WARN__DUPLICATE_METHOD_MATCH = YES;
				"CODE_SIGN_IDENTITY[sdk=iphoneos*]" = "iPhone Developer";
				COPY_PHASE_STRIP = YES;
				ENABLE_NS_ASSERTIONS = NO;
				ENABLE_STRICT_OBJC_MSGSEND = YES;
				GCC_C_LANGUAGE_STANDARD = gnu99;
				GCC_WARN_64_TO_32_BIT_CONVERSION = YES;
				GCC_WARN_ABOUT_RETURN_TYPE = YES_ERROR;
				GCC_WARN_UNDECLARED_SELECTOR = YES;
				GCC_WARN_UNINITIALIZED_AUTOS = YES_AGGRESSIVE;
				GCC_WARN_UNUSED_FUNCTION = YES;
				GCC_WARN_UNUSED_VARIABLE = YES;
				IPHONEOS_DEPLOYMENT_TARGET = 8.1;
				MTL_ENABLE_DEBUG_INFO = NO;
				SDKROOT = iphoneos;
				VALIDATE_PRODUCT = YES;
			};
			name = Release;
		};
		BCFBCF1C1B665EB1008C513A /* Debug */ = {
			isa = XCBuildConfiguration;
			buildSettings = {
				ASSETCATALOG_COMPILER_APPICON_NAME = AppIcon;
				CLANG_ENABLE_OBJC_ARC = NO;
				INFOPLIST_FILE = Label/Info.plist;
				LD_RUNPATH_SEARCH_PATHS = "$(inherited) @executable_path/Frameworks";
				PRODUCT_NAME = "$(TARGET_NAME)";
			};
			name = Debug;
		};
		BCFBCF1D1B665EB1008C513A /* Release */ = {
			isa = XCBuildConfiguration;
			buildSettings = {
				ASSETCATALOG_COMPILER_APPICON_NAME = AppIcon;
				CLANG_ENABLE_OBJC_ARC = NO;
				INFOPLIST_FILE = Label/Info.plist;
				LD_RUNPATH_SEARCH_PATHS = "$(inherited) @executable_path/Frameworks";
				PRODUCT_NAME = "$(TARGET_NAME)";
			};
			name = Release;
		};
		BCFBCF1F1B665EB1008C513A /* Debug */ = {
			isa = XCBuildConfiguration;
			buildSettings = {
				BUNDLE_LOADER = "$(TEST_HOST)";
				FRAMEWORK_SEARCH_PATHS = (
					"$(SDKROOT)/Developer/Library/Frameworks",
					"$(inherited)",
				);
				GCC_PREPROCESSOR_DEFINITIONS = (
					"DEBUG=1",
					"$(inherited)",
				);
				INFOPLIST_FILE = LabelTests/Info.plist;
				LD_RUNPATH_SEARCH_PATHS = "$(inherited) @executable_path/Frameworks @loader_path/Frameworks";
				PRODUCT_NAME = "$(TARGET_NAME)";
				TEST_HOST = "$(BUILT_PRODUCTS_DIR)/Label.app/Label";
			};
			name = Debug;
		};
		BCFBCF201B665EB1008C513A /* Release */ = {
			isa = XCBuildConfiguration;
			buildSettings = {
				BUNDLE_LOADER = "$(TEST_HOST)";
				FRAMEWORK_SEARCH_PATHS = (
					"$(SDKROOT)/Developer/Library/Frameworks",
					"$(inherited)",
				);
				INFOPLIST_FILE = LabelTests/Info.plist;
				LD_RUNPATH_SEARCH_PATHS = "$(inherited) @executable_path/Frameworks @loader_path/Frameworks";
				PRODUCT_NAME = "$(TARGET_NAME)";
				TEST_HOST = "$(BUILT_PRODUCTS_DIR)/Label.app/Label";
			};
			name = Release;
		};
/* End XCBuildConfiguration section */

/* Begin XCConfigurationList section */
		BCFBCEF91B665EB1008C513A /* Build configuration list for PBXProject "Label" */ = {
			isa = XCConfigurationList;
			buildConfigurations = (
				BCFBCF191B665EB1008C513A /* Debug */,
				BCFBCF1A1B665EB1008C513A /* Release */,
			);
			defaultConfigurationIsVisible = 0;
			defaultConfigurationName = Release;
		};
		BCFBCF1B1B665EB1008C513A /* Build configuration list for PBXNativeTarget "Label" */ = {
			isa = XCConfigurationList;
			buildConfigurations = (
				BCFBCF1C1B665EB1008C513A /* Debug */,
				BCFBCF1D1B665EB1008C513A /* Release */,
			);
			defaultConfigurationIsVisible = 0;
		};
		BCFBCF1E1B665EB1008C513A /* Build configuration list for PBXNativeTarget "LabelTests" */ = {
			isa = XCConfigurationList;
			buildConfigurations = (
				BCFBCF1F1B665EB1008C513A /* Debug */,
				BCFBCF201B665EB1008C513A /* Release */,
			);
			defaultConfigurationIsVisible = 0;
		};
/* End XCConfigurationList section */
	};
	rootObject = BCFBCEF61B665EB1008C513A /* Project object */;
}
